
Microsoft Visual Studio Solution File, Format Version 12.00
# Visual Studio Version 16
VisualStudioVersion = 16.0.29613.14
MinimumVisualStudioVersion = 10.0.40219.1
Project("{FAE04EC0-301F-11D3-BF4B-00C04F79EFBC}") = "éretségi", "éretségi\éretségi.csproj", "{3DAB1056-AD42-4612-972D-1177019044DA}"
EndProject
Global
	GlobalSection(SolutionConfigurationPlatforms) = preSolution
		Debug|Any CPU = Debug|Any CPU
		Release|Any CPU = Release|Any CPU
	EndGlobalSection
	GlobalSection(ProjectConfigurationPlatforms) = postSolution
		{3DAB1056-AD42-4612-972D-1177019044DA}.Debug|Any CPU.ActiveCfg = Debug|Any CPU
		{3DAB1056-AD42-4612-972D-1177019044DA}.Debug|Any CPU.Build.0 = Debug|Any CPU
		{3DAB1056-AD42-4612-972D-1177019044DA}.Release|Any CPU.ActiveCfg = Release|Any CPU
		{3DAB1056-AD42-4612-972D-1177019044DA}.Release|Any CPU.Build.0 = Release|Any CPU
	EndGlobalSection
	GlobalSection(SolutionProperties) = preSolution
		HideSolutionNode = FALSE
	EndGlobalSection
	GlobalSection(ExtensibilityGlobals) = postSolution
		SolutionGuid = {5CFEB945-0F46-4D7C-A36B-E3F5F154DF4F}
	EndGlobalSection
EndGlobal
